
Microsoft Visual Studio Solution File, Format Version 12.00
# Visual Studio Version 17
VisualStudioVersion = 17.4.33027.239
MinimumVisualStudioVersion = 10.0.40219.1
Project("{2150E333-8FDC-42A3-9474-1A3956D46DE8}") = "Src", "Src", "{CA10C76B-0128-443D-B708-1EEDF6C8A801}"
EndProject
Project("{2150E333-8FDC-42A3-9474-1A3956D46DE8}") = "Test", "Test", "{4056D947-3471-4CF1-9B3E-3FC6030350B0}"
EndProject
Project("{2150E333-8FDC-42A3-9474-1A3956D46DE8}") = "Core", "Core", "{1E58C654-94DA-40FA-AF82-3143DCC4E660}"
EndProject
Project("{2150E333-8FDC-42A3-9474-1A3956D46DE8}") = "Infrastructures", "Infrastructures", "{CA8A6B0A-CFBF-4F0C-81D1-51909250AA95}"
EndProject
Project("{2150E333-8FDC-42A3-9474-1A3956D46DE8}") = "Presentation", "Presentation", "{0C763B21-D0AB-4CD5-81BB-F23B4AD6334F}"
EndProject
Project("{9A19103F-16F7-4668-BE54-9A1E7A4F7556}") = "Application", "Application\Application.csproj", "{BF80C343-AF9B-49CD-8E6C-19ED7C89DBC7}"
EndProject
Project("{9A19103F-16F7-4668-BE54-9A1E7A4F7556}") = "Domain", "Domain\Domain.csproj", "{04DFC528-9581-4A9E-990B-3E54EFD3E530}"
EndProject
Project("{9A19103F-16F7-4668-BE54-9A1E7A4F7556}") = "Infrastructures", "Infrastructures\Infrastructures.csproj", "{5046856D-E38C-4443-8F5B-8B549A4A321F}"
EndProject
Project("{9A19103F-16F7-4668-BE54-9A1E7A4F7556}") = "Persistence", "Persistence\Persistence.csproj", "{19BC4A73-6182-4DFF-8513-6D9A34F13B66}"
EndProject
Project("{9A19103F-16F7-4668-BE54-9A1E7A4F7556}") = "NewsWebSite", "NewsWebSite\NewsWebSite.csproj", "{13975C8D-D71F-4897-AA24-FEB0C21EE872}"
EndProject
Project("{9A19103F-16F7-4668-BE54-9A1E7A4F7556}") = "Management", "Management\Management.csproj", "{A8138A10-1369-4EF1-BF27-CE87D47F28F4}"
EndProject
Project("{2150E333-8FDC-42A3-9474-1A3956D46DE8}") = "Commons", "Commons", "{B33DDFF4-44F8-4533-AAA7-790C01090E07}"
EndProject
Project("{9A19103F-16F7-4668-BE54-9A1E7A4F7556}") = "Common", "Common\Common.csproj", "{A30A284F-9BFB-4479-8665-5286DF368B09}"
EndProject
Project("{9A19103F-16F7-4668-BE54-9A1E7A4F7556}") = "StaticFile", "StaticFile\StaticFile.csproj", "{836C52CD-C231-46DF-A49B-614157805366}"
EndProject
Global
	GlobalSection(SolutionConfigurationPlatforms) = preSolution
		Debug|Any CPU = Debug|Any CPU
		Release|Any CPU = Release|Any CPU
	EndGlobalSection
	GlobalSection(ProjectConfigurationPlatforms) = postSolution
		{BF80C343-AF9B-49CD-8E6C-19ED7C89DBC7}.Debug|Any CPU.ActiveCfg = Debug|Any CPU
		{BF80C343-AF9B-49CD-8E6C-19ED7C89DBC7}.Debug|Any CPU.Build.0 = Debug|Any CPU
		{BF80C343-AF9B-49CD-8E6C-19ED7C89DBC7}.Release|Any CPU.ActiveCfg = Release|Any CPU
		{BF80C343-AF9B-49CD-8E6C-19ED7C89DBC7}.Release|Any CPU.Build.0 = Release|Any CPU
		{04DFC528-9581-4A9E-990B-3E54EFD3E530}.Debug|Any CPU.ActiveCfg = Debug|Any CPU
		{04DFC528-9581-4A9E-990B-3E54EFD3E530}.Debug|Any CPU.Build.0 = Debug|Any CPU
		{04DFC528-9581-4A9E-990B-3E54EFD3E530}.Release|Any CPU.ActiveCfg = Release|Any CPU
		{04DFC528-9581-4A9E-990B-3E54EFD3E530}.Release|Any CPU.Build.0 = Release|Any CPU
		{5046856D-E38C-4443-8F5B-8B549A4A321F}.Debug|Any CPU.ActiveCfg = Debug|Any CPU
		{5046856D-E38C-4443-8F5B-8B549A4A321F}.Debug|Any CPU.Build.0 = Debug|Any CPU
		{5046856D-E38C-4443-8F5B-8B549A4A321F}.Release|Any CPU.ActiveCfg = Release|Any CPU
		{5046856D-E38C-4443-8F5B-8B549A4A321F}.Release|Any CPU.Build.0 = Release|Any CPU
		{19BC4A73-6182-4DFF-8513-6D9A34F13B66}.Debug|Any CPU.ActiveCfg = Debug|Any CPU
		{19BC4A73-6182-4DFF-8513-6D9A34F13B66}.Debug|Any CPU.Build.0 = Debug|Any CPU
		{19BC4A73-6182-4DFF-8513-6D9A34F13B66}.Release|Any CPU.ActiveCfg = Release|Any CPU
		{19BC4A73-6182-4DFF-8513-6D9A34F13B66}.Release|Any CPU.Build.0 = Release|Any CPU
		{13975C8D-D71F-4897-AA24-FEB0C21EE872}.Debug|Any CPU.ActiveCfg = Debug|Any CPU
		{13975C8D-D71F-4897-AA24-FEB0C21EE872}.Debug|Any CPU.Build.0 = Debug|Any CPU
		{13975C8D-D71F-4897-AA24-FEB0C21EE872}.Release|Any CPU.ActiveCfg = Release|Any CPU
		{13975C8D-D71F-4897-AA24-FEB0C21EE872}.Release|Any CPU.Build.0 = Release|Any CPU
		{A8138A10-1369-4EF1-BF27-CE87D47F28F4}.Debug|Any CPU.ActiveCfg = Debug|Any CPU
		{A8138A10-1369-4EF1-BF27-CE87D47F28F4}.Debug|Any CPU.Build.0 = Debug|Any CPU
		{A8138A10-1369-4EF1-BF27-CE87D47F28F4}.Release|Any CPU.ActiveCfg = Release|Any CPU
		{A8138A10-1369-4EF1-BF27-CE87D47F28F4}.Release|Any CPU.Build.0 = Release|Any CPU
		{A30A284F-9BFB-4479-8665-5286DF368B09}.Debug|Any CPU.ActiveCfg = Debug|Any CPU
		{A30A284F-9BFB-4479-8665-5286DF368B09}.Debug|Any CPU.Build.0 = Debug|Any CPU
		{A30A284F-9BFB-4479-8665-5286DF368B09}.Release|Any CPU.ActiveCfg = Release|Any CPU
		{A30A284F-9BFB-4479-8665-5286DF368B09}.Release|Any CPU.Build.0 = Release|Any CPU
		{836C52CD-C231-46DF-A49B-614157805366}.Debug|Any CPU.ActiveCfg = Debug|Any CPU
		{836C52CD-C231-46DF-A49B-614157805366}.Debug|Any CPU.Build.0 = Debug|Any CPU
		{836C52CD-C231-46DF-A49B-614157805366}.Release|Any CPU.ActiveCfg = Release|Any CPU
		{836C52CD-C231-46DF-A49B-614157805366}.Release|Any CPU.Build.0 = Release|Any CPU
	EndGlobalSection
	GlobalSection(SolutionProperties) = preSolution
		HideSolutionNode = FALSE
	EndGlobalSection
	GlobalSection(NestedProjects) = preSolution
		{1E58C654-94DA-40FA-AF82-3143DCC4E660} = {CA10C76B-0128-443D-B708-1EEDF6C8A801}
		{CA8A6B0A-CFBF-4F0C-81D1-51909250AA95} = {CA10C76B-0128-443D-B708-1EEDF6C8A801}
		{0C763B21-D0AB-4CD5-81BB-F23B4AD6334F} = {CA10C76B-0128-443D-B708-1EEDF6C8A801}
		{BF80C343-AF9B-49CD-8E6C-19ED7C89DBC7} = {1E58C654-94DA-40FA-AF82-3143DCC4E660}
		{04DFC528-9581-4A9E-990B-3E54EFD3E530} = {1E58C654-94DA-40FA-AF82-3143DCC4E660}
		{5046856D-E38C-4443-8F5B-8B549A4A321F} = {CA8A6B0A-CFBF-4F0C-81D1-51909250AA95}
		{19BC4A73-6182-4DFF-8513-6D9A34F13B66} = {CA8A6B0A-CFBF-4F0C-81D1-51909250AA95}
		{13975C8D-D71F-4897-AA24-FEB0C21EE872} = {0C763B21-D0AB-4CD5-81BB-F23B4AD6334F}
		{A8138A10-1369-4EF1-BF27-CE87D47F28F4} = {0C763B21-D0AB-4CD5-81BB-F23B4AD6334F}
		{B33DDFF4-44F8-4533-AAA7-790C01090E07} = {CA10C76B-0128-443D-B708-1EEDF6C8A801}
		{A30A284F-9BFB-4479-8665-5286DF368B09} = {B33DDFF4-44F8-4533-AAA7-790C01090E07}
		{836C52CD-C231-46DF-A49B-614157805366} = {0C763B21-D0AB-4CD5-81BB-F23B4AD6334F}
	EndGlobalSection
	GlobalSection(ExtensibilityGlobals) = postSolution
		SolutionGuid = {9B64095D-18CB-413F-8D02-3B7A86EB7222}
	EndGlobalSection
EndGlobal
